{
  "version": 4,
  "terraform_version": "1.14.1",
  "serial": 5,
  "lineage": "379f7d72-7a88-f3cf-c712-1fc8d384ce60",
  "outputs": {},
  "resources": [
    {
      "mode": "managed",
      "type": "docker_image",
      "name": "jenkins",
      "provider": "provider[\"registry.terraform.io/kreuzwerker/docker\"]",
      "instances": [
        {
          "schema_version": 0,
          "attributes": {
            "build": [],
            "force_remove": null,
            "id": "sha256:1e407df1a9bcb122cc4d71d4ce44d2e3b2be31af004c157453a939f13ae691c7jenkins/jenkins:lts",
            "image_id": "sha256:1e407df1a9bcb122cc4d71d4ce44d2e3b2be31af004c157453a939f13ae691c7",
            "keep_locally": null,
            "name": "jenkins/jenkins:lts",
            "platform": null,
            "pull_triggers": null,
            "repo_digest": "jenkins/jenkins@sha256:1e407df1a9bcb122cc4d71d4ce44d2e3b2be31af004c157453a939f13ae691c7",
            "timeouts": null,
            "triggers": null
          },
          "sensitive_attributes": [],
          "identity_schema_version": 0,
          "private": "eyJlMmJmYjczMC1lY2FhLTExZTYtOGY4OC0zNDM2M2JjN2M0YzAiOnsiY3JlYXRlIjoxMjAwMDAwMDAwMDAwLCJkZWxldGUiOjEyMDAwMDAwMDAwMDAsInVwZGF0ZSI6MTIwMDAwMDAwMDAwMH19"
        }
      ]
    },
    {
      "mode": "managed",
      "type": "docker_image",
      "name": "nginx",
      "provider": "provider[\"registry.terraform.io/kreuzwerker/docker\"]",
      "instances": [
        {
          "schema_version": 0,
          "attributes": {
            "build": [],
            "force_remove": null,
            "id": "sha256:325b00a35073d9aa1d3df16da8afbbae1ac7d824c505f7490cd5cdbb79d60f6dnginx:latest",
            "image_id": "sha256:325b00a35073d9aa1d3df16da8afbbae1ac7d824c505f7490cd5cdbb79d60f6d",
            "keep_locally": null,
            "name": "nginx:latest",
            "platform": null,
            "pull_triggers": null,
            "repo_digest": "nginx@sha256:325b00a35073d9aa1d3df16da8afbbae1ac7d824c505f7490cd5cdbb79d60f6d",
            "timeouts": null,
            "triggers": null
          },
          "sensitive_attributes": [],
          "identity_schema_version": 0,
          "private": "eyJlMmJmYjczMC1lY2FhLTExZTYtOGY4OC0zNDM2M2JjN2M0YzAiOnsiY3JlYXRlIjoxMjAwMDAwMDAwMDAwLCJkZWxldGUiOjEyMDAwMDAwMDAwMDAsInVwZGF0ZSI6MTIwMDAwMDAwMDAwMH19"
        }
      ]
    }
  ],
  "check_results": null
}
